
Microsoft Visual Studio Solution File, Format Version 12.00
# Visual Studio 15
VisualStudioVersion = 15.0.28307.136
MinimumVisualStudioVersion = 10.0.40219.1
Project("{A07B5EB6-E848-4116-A8D0-A826331D98C6}") = "MedicalBookingSystem", "MedicalBookingSystem\MedicalBookingSystem.sfproj", "{B4871843-607E-458C-B51F-5FE707257FC0}"
EndProject
Project("{9A19103F-16F7-4668-BE54-9A1E7A4F7556}") = "MedicalBookingSystem.Patient", "MedicalBookingSystem.Patient\MedicalBookingSystem.Patient.csproj", "{F2440466-18D2-4B80-BCAF-747877BF77CC}"
EndProject
Project("{2150E333-8FDC-42A3-9474-1A3956D46DE8}") = "Services", "Services", "{BA18C902-BF4F-48DA-A56F-0C5F01E4DB07}"
EndProject
Project("{9A19103F-16F7-4668-BE54-9A1E7A4F7556}") = "MedicalBookingSystem.Doctor", "MedicalBookingSystem.Doctor\MedicalBookingSystem.Doctor.csproj", "{B6F4DA66-C264-476C-BA9E-3BFAAA927A73}"
EndProject
Project("{2150E333-8FDC-42A3-9474-1A3956D46DE8}") = "Patient", "Patient", "{43B8F426-4783-4228-9069-057A2A92AE41}"
EndProject
Project("{FAE04EC0-301F-11D3-BF4B-00C04F79EFBC}") = "Patient.Domain", "Patient.Domain\Patient.Domain.csproj", "{A5105BF6-FB27-4A5D-85BB-4D084D056F1B}"
EndProject
Project("{FAE04EC0-301F-11D3-BF4B-00C04F79EFBC}") = "Patient.Infrastructure", "Patient.Infrastructure\Patient.Infrastructure.csproj", "{AB69B1DC-E663-4320-8612-B272EFF061F9}"
EndProject
Project("{FAE04EC0-301F-11D3-BF4B-00C04F79EFBC}") = "Patient.Services", "Patient.Services\Patient.Services.csproj", "{E62EA554-4367-4334-8695-030560F23283}"
EndProject
Project("{9A19103F-16F7-4668-BE54-9A1E7A4F7556}") = "MedicalBookingSystem.APIGateway", "MedicalBookingSystem.APIGateway\MedicalBookingSystem.APIGateway.csproj", "{A5C2A12B-CE2D-4085-BC96-A7CEB1E887FF}"
EndProject
Project("{2150E333-8FDC-42A3-9474-1A3956D46DE8}") = "APIGateway", "APIGateway", "{13C5C964-24C4-4764-B43C-0D4DC1111D96}"
EndProject
Project("{2150E333-8FDC-42A3-9474-1A3956D46DE8}") = "Doctor", "Doctor", "{60216451-7A41-4182-8557-2EE498CEAA92}"
EndProject
Project("{2150E333-8FDC-42A3-9474-1A3956D46DE8}") = "AzureFunctions", "AzureFunctions", "{97E8EC67-7316-43D3-9E39-DE9C8C403BA4}"
EndProject
Project("{9A19103F-16F7-4668-BE54-9A1E7A4F7556}") = "MedicalBookingMonitoringSystemFunctionApp", "MedicalBookingMonitoringSystemFunctionApp\MedicalBookingMonitoringSystemFunctionApp.csproj", "{1A862153-0FED-4375-8ECF-72419CFFE078}"
EndProject
Project("{2150E333-8FDC-42A3-9474-1A3956D46DE8}") = "FrontEndServices", "FrontEndServices", "{28AF28DF-BC01-4489-BF98-A175CEC85719}"
EndProject
Project("{9A19103F-16F7-4668-BE54-9A1E7A4F7556}") = "MonitoringWebSPA", "MonitoringWebSPA\MonitoringWebSPA.csproj", "{CBAA662D-13E9-4E3E-A014-ADC831D7AF15}"
EndProject
Project("{9A19103F-16F7-4668-BE54-9A1E7A4F7556}") = "SignalR", "SignalR\SignalR.csproj", "{4721BBA9-CC68-4D8F-AE6C-C4786BB5C232}"
EndProject
Project("{2150E333-8FDC-42A3-9474-1A3956D46DE8}") = "CommonLibraries", "CommonLibraries", "{E6DB0B15-B768-4153-82DD-CDE317CD4A85}"
EndProject
Project("{9A19103F-16F7-4668-BE54-9A1E7A4F7556}") = "EventBus", "EventBus\EventBus.csproj", "{0E2733F4-7385-4BB8-9FB3-6CA7DCAFA89F}"
EndProject
Project("{FAE04EC0-301F-11D3-BF4B-00C04F79EFBC}") = "Patient.Services.Tests", "Patient.Services.Tests\Patient.Services.Tests.csproj", "{80E1547E-7D14-4565-BCDD-6E21C5CA9A9D}"
EndProject
Global
	GlobalSection(SolutionConfigurationPlatforms) = preSolution
		Debug|Any CPU = Debug|Any CPU
		Debug|x64 = Debug|x64
		Release|Any CPU = Release|Any CPU
		Release|x64 = Release|x64
	EndGlobalSection
	GlobalSection(ProjectConfigurationPlatforms) = postSolution
		{B4871843-607E-458C-B51F-5FE707257FC0}.Debug|Any CPU.ActiveCfg = Debug|x64
		{B4871843-607E-458C-B51F-5FE707257FC0}.Debug|x64.ActiveCfg = Debug|x64
		{B4871843-607E-458C-B51F-5FE707257FC0}.Debug|x64.Build.0 = Debug|x64
		{B4871843-607E-458C-B51F-5FE707257FC0}.Debug|x64.Deploy.0 = Debug|x64
		{B4871843-607E-458C-B51F-5FE707257FC0}.Release|Any CPU.ActiveCfg = Release|x64
		{B4871843-607E-458C-B51F-5FE707257FC0}.Release|x64.ActiveCfg = Release|x64
		{B4871843-607E-458C-B51F-5FE707257FC0}.Release|x64.Build.0 = Release|x64
		{B4871843-607E-458C-B51F-5FE707257FC0}.Release|x64.Deploy.0 = Release|x64
		{F2440466-18D2-4B80-BCAF-747877BF77CC}.Debug|Any CPU.ActiveCfg = Debug|Any CPU
		{F2440466-18D2-4B80-BCAF-747877BF77CC}.Debug|Any CPU.Build.0 = Debug|Any CPU
		{F2440466-18D2-4B80-BCAF-747877BF77CC}.Debug|x64.ActiveCfg = Debug|Any CPU
		{F2440466-18D2-4B80-BCAF-747877BF77CC}.Debug|x64.Build.0 = Debug|Any CPU
		{F2440466-18D2-4B80-BCAF-747877BF77CC}.Release|Any CPU.ActiveCfg = Release|Any CPU
		{F2440466-18D2-4B80-BCAF-747877BF77CC}.Release|Any CPU.Build.0 = Release|Any CPU
		{F2440466-18D2-4B80-BCAF-747877BF77CC}.Release|x64.ActiveCfg = Release|Any CPU
		{F2440466-18D2-4B80-BCAF-747877BF77CC}.Release|x64.Build.0 = Release|Any CPU
		{B6F4DA66-C264-476C-BA9E-3BFAAA927A73}.Debug|Any CPU.ActiveCfg = Debug|Any CPU
		{B6F4DA66-C264-476C-BA9E-3BFAAA927A73}.Debug|Any CPU.Build.0 = Debug|Any CPU
		{B6F4DA66-C264-476C-BA9E-3BFAAA927A73}.Debug|x64.ActiveCfg = Debug|Any CPU
		{B6F4DA66-C264-476C-BA9E-3BFAAA927A73}.Debug|x64.Build.0 = Debug|Any CPU
		{B6F4DA66-C264-476C-BA9E-3BFAAA927A73}.Release|Any CPU.ActiveCfg = Release|Any CPU
		{B6F4DA66-C264-476C-BA9E-3BFAAA927A73}.Release|Any CPU.Build.0 = Release|Any CPU
		{B6F4DA66-C264-476C-BA9E-3BFAAA927A73}.Release|x64.ActiveCfg = Release|Any CPU
		{B6F4DA66-C264-476C-BA9E-3BFAAA927A73}.Release|x64.Build.0 = Release|Any CPU
		{A5105BF6-FB27-4A5D-85BB-4D084D056F1B}.Debug|Any CPU.ActiveCfg = Debug|Any CPU
		{A5105BF6-FB27-4A5D-85BB-4D084D056F1B}.Debug|Any CPU.Build.0 = Debug|Any CPU
		{A5105BF6-FB27-4A5D-85BB-4D084D056F1B}.Debug|x64.ActiveCfg = Debug|Any CPU
		{A5105BF6-FB27-4A5D-85BB-4D084D056F1B}.Debug|x64.Build.0 = Debug|Any CPU
		{A5105BF6-FB27-4A5D-85BB-4D084D056F1B}.Release|Any CPU.ActiveCfg = Release|Any CPU
		{A5105BF6-FB27-4A5D-85BB-4D084D056F1B}.Release|Any CPU.Build.0 = Release|Any CPU
		{A5105BF6-FB27-4A5D-85BB-4D084D056F1B}.Release|x64.ActiveCfg = Release|Any CPU
		{A5105BF6-FB27-4A5D-85BB-4D084D056F1B}.Release|x64.Build.0 = Release|Any CPU
		{AB69B1DC-E663-4320-8612-B272EFF061F9}.Debug|Any CPU.ActiveCfg = Debug|Any CPU
		{AB69B1DC-E663-4320-8612-B272EFF061F9}.Debug|Any CPU.Build.0 = Debug|Any CPU
		{AB69B1DC-E663-4320-8612-B272EFF061F9}.Debug|x64.ActiveCfg = Debug|Any CPU
		{AB69B1DC-E663-4320-8612-B272EFF061F9}.Debug|x64.Build.0 = Debug|Any CPU
		{AB69B1DC-E663-4320-8612-B272EFF061F9}.Release|Any CPU.ActiveCfg = Release|Any CPU
		{AB69B1DC-E663-4320-8612-B272EFF061F9}.Release|Any CPU.Build.0 = Release|Any CPU
		{AB69B1DC-E663-4320-8612-B272EFF061F9}.Release|x64.ActiveCfg = Release|Any CPU
		{AB69B1DC-E663-4320-8612-B272EFF061F9}.Release|x64.Build.0 = Release|Any CPU
		{E62EA554-4367-4334-8695-030560F23283}.Debug|Any CPU.ActiveCfg = Debug|Any CPU
		{E62EA554-4367-4334-8695-030560F23283}.Debug|Any CPU.Build.0 = Debug|Any CPU
		{E62EA554-4367-4334-8695-030560F23283}.Debug|x64.ActiveCfg = Debug|Any CPU
		{E62EA554-4367-4334-8695-030560F23283}.Debug|x64.Build.0 = Debug|Any CPU
		{E62EA554-4367-4334-8695-030560F23283}.Release|Any CPU.ActiveCfg = Release|Any CPU
		{E62EA554-4367-4334-8695-030560F23283}.Release|Any CPU.Build.0 = Release|Any CPU
		{E62EA554-4367-4334-8695-030560F23283}.Release|x64.ActiveCfg = Release|Any CPU
		{E62EA554-4367-4334-8695-030560F23283}.Release|x64.Build.0 = Release|Any CPU
		{A5C2A12B-CE2D-4085-BC96-A7CEB1E887FF}.Debug|Any CPU.ActiveCfg = Debug|Any CPU
		{A5C2A12B-CE2D-4085-BC96-A7CEB1E887FF}.Debug|Any CPU.Build.0 = Debug|Any CPU
		{A5C2A12B-CE2D-4085-BC96-A7CEB1E887FF}.Debug|x64.ActiveCfg = Debug|Any CPU
		{A5C2A12B-CE2D-4085-BC96-A7CEB1E887FF}.Debug|x64.Build.0 = Debug|Any CPU
		{A5C2A12B-CE2D-4085-BC96-A7CEB1E887FF}.Release|Any CPU.ActiveCfg = Release|Any CPU
		{A5C2A12B-CE2D-4085-BC96-A7CEB1E887FF}.Release|Any CPU.Build.0 = Release|Any CPU
		{A5C2A12B-CE2D-4085-BC96-A7CEB1E887FF}.Release|x64.ActiveCfg = Release|Any CPU
		{A5C2A12B-CE2D-4085-BC96-A7CEB1E887FF}.Release|x64.Build.0 = Release|Any CPU
		{1A862153-0FED-4375-8ECF-72419CFFE078}.Debug|Any CPU.ActiveCfg = Debug|Any CPU
		{1A862153-0FED-4375-8ECF-72419CFFE078}.Debug|Any CPU.Build.0 = Debug|Any CPU
		{1A862153-0FED-4375-8ECF-72419CFFE078}.Debug|x64.ActiveCfg = Debug|Any CPU
		{1A862153-0FED-4375-8ECF-72419CFFE078}.Debug|x64.Build.0 = Debug|Any CPU
		{1A862153-0FED-4375-8ECF-72419CFFE078}.Release|Any CPU.ActiveCfg = Release|Any CPU
		{1A862153-0FED-4375-8ECF-72419CFFE078}.Release|Any CPU.Build.0 = Release|Any CPU
		{1A862153-0FED-4375-8ECF-72419CFFE078}.Release|x64.ActiveCfg = Release|Any CPU
		{1A862153-0FED-4375-8ECF-72419CFFE078}.Release|x64.Build.0 = Release|Any CPU
		{CBAA662D-13E9-4E3E-A014-ADC831D7AF15}.Debug|Any CPU.ActiveCfg = Debug|Any CPU
		{CBAA662D-13E9-4E3E-A014-ADC831D7AF15}.Debug|Any CPU.Build.0 = Debug|Any CPU
		{CBAA662D-13E9-4E3E-A014-ADC831D7AF15}.Debug|x64.ActiveCfg = Debug|Any CPU
		{CBAA662D-13E9-4E3E-A014-ADC831D7AF15}.Debug|x64.Build.0 = Debug|Any CPU
		{CBAA662D-13E9-4E3E-A014-ADC831D7AF15}.Release|Any CPU.ActiveCfg = Release|Any CPU
		{CBAA662D-13E9-4E3E-A014-ADC831D7AF15}.Release|Any CPU.Build.0 = Release|Any CPU
		{CBAA662D-13E9-4E3E-A014-ADC831D7AF15}.Release|x64.ActiveCfg = Release|Any CPU
		{CBAA662D-13E9-4E3E-A014-ADC831D7AF15}.Release|x64.Build.0 = Release|Any CPU
		{4721BBA9-CC68-4D8F-AE6C-C4786BB5C232}.Debug|Any CPU.ActiveCfg = Debug|Any CPU
		{4721BBA9-CC68-4D8F-AE6C-C4786BB5C232}.Debug|Any CPU.Build.0 = Debug|Any CPU
		{4721BBA9-CC68-4D8F-AE6C-C4786BB5C232}.Debug|x64.ActiveCfg = Debug|Any CPU
		{4721BBA9-CC68-4D8F-AE6C-C4786BB5C232}.Debug|x64.Build.0 = Debug|Any CPU
		{4721BBA9-CC68-4D8F-AE6C-C4786BB5C232}.Release|Any CPU.ActiveCfg = Release|Any CPU
		{4721BBA9-CC68-4D8F-AE6C-C4786BB5C232}.Release|Any CPU.Build.0 = Release|Any CPU
		{4721BBA9-CC68-4D8F-AE6C-C4786BB5C232}.Release|x64.ActiveCfg = Release|Any CPU
		{4721BBA9-CC68-4D8F-AE6C-C4786BB5C232}.Release|x64.Build.0 = Release|Any CPU
		{0E2733F4-7385-4BB8-9FB3-6CA7DCAFA89F}.Debug|Any CPU.ActiveCfg = Debug|Any CPU
		{0E2733F4-7385-4BB8-9FB3-6CA7DCAFA89F}.Debug|Any CPU.Build.0 = Debug|Any CPU
		{0E2733F4-7385-4BB8-9FB3-6CA7DCAFA89F}.Debug|x64.ActiveCfg = Debug|Any CPU
		{0E2733F4-7385-4BB8-9FB3-6CA7DCAFA89F}.Debug|x64.Build.0 = Debug|Any CPU
		{0E2733F4-7385-4BB8-9FB3-6CA7DCAFA89F}.Release|Any CPU.ActiveCfg = Release|Any CPU
		{0E2733F4-7385-4BB8-9FB3-6CA7DCAFA89F}.Release|Any CPU.Build.0 = Release|Any CPU
		{0E2733F4-7385-4BB8-9FB3-6CA7DCAFA89F}.Release|x64.ActiveCfg = Release|Any CPU
		{0E2733F4-7385-4BB8-9FB3-6CA7DCAFA89F}.Release|x64.Build.0 = Release|Any CPU
		{80E1547E-7D14-4565-BCDD-6E21C5CA9A9D}.Debug|Any CPU.ActiveCfg = Debug|Any CPU
		{80E1547E-7D14-4565-BCDD-6E21C5CA9A9D}.Debug|Any CPU.Build.0 = Debug|Any CPU
		{80E1547E-7D14-4565-BCDD-6E21C5CA9A9D}.Debug|x64.ActiveCfg = Debug|Any CPU
		{80E1547E-7D14-4565-BCDD-6E21C5CA9A9D}.Debug|x64.Build.0 = Debug|Any CPU
		{80E1547E-7D14-4565-BCDD-6E21C5CA9A9D}.Release|Any CPU.ActiveCfg = Release|Any CPU
		{80E1547E-7D14-4565-BCDD-6E21C5CA9A9D}.Release|Any CPU.Build.0 = Release|Any CPU
		{80E1547E-7D14-4565-BCDD-6E21C5CA9A9D}.Release|x64.ActiveCfg = Release|Any CPU
		{80E1547E-7D14-4565-BCDD-6E21C5CA9A9D}.Release|x64.Build.0 = Release|Any CPU
	EndGlobalSection
	GlobalSection(SolutionProperties) = preSolution
		HideSolutionNode = FALSE
	EndGlobalSection
	GlobalSection(NestedProjects) = preSolution
		{F2440466-18D2-4B80-BCAF-747877BF77CC} = {43B8F426-4783-4228-9069-057A2A92AE41}
		{B6F4DA66-C264-476C-BA9E-3BFAAA927A73} = {60216451-7A41-4182-8557-2EE498CEAA92}
		{43B8F426-4783-4228-9069-057A2A92AE41} = {BA18C902-BF4F-48DA-A56F-0C5F01E4DB07}
		{A5105BF6-FB27-4A5D-85BB-4D084D056F1B} = {43B8F426-4783-4228-9069-057A2A92AE41}
		{AB69B1DC-E663-4320-8612-B272EFF061F9} = {43B8F426-4783-4228-9069-057A2A92AE41}
		{E62EA554-4367-4334-8695-030560F23283} = {43B8F426-4783-4228-9069-057A2A92AE41}
		{A5C2A12B-CE2D-4085-BC96-A7CEB1E887FF} = {13C5C964-24C4-4764-B43C-0D4DC1111D96}
		{60216451-7A41-4182-8557-2EE498CEAA92} = {BA18C902-BF4F-48DA-A56F-0C5F01E4DB07}
		{97E8EC67-7316-43D3-9E39-DE9C8C403BA4} = {BA18C902-BF4F-48DA-A56F-0C5F01E4DB07}
		{1A862153-0FED-4375-8ECF-72419CFFE078} = {97E8EC67-7316-43D3-9E39-DE9C8C403BA4}
		{CBAA662D-13E9-4E3E-A014-ADC831D7AF15} = {28AF28DF-BC01-4489-BF98-A175CEC85719}
		{4721BBA9-CC68-4D8F-AE6C-C4786BB5C232} = {E6DB0B15-B768-4153-82DD-CDE317CD4A85}
		{0E2733F4-7385-4BB8-9FB3-6CA7DCAFA89F} = {E6DB0B15-B768-4153-82DD-CDE317CD4A85}
		{80E1547E-7D14-4565-BCDD-6E21C5CA9A9D} = {43B8F426-4783-4228-9069-057A2A92AE41}
	EndGlobalSection
	GlobalSection(ExtensibilityGlobals) = postSolution
		SolutionGuid = {01D907A8-3561-444F-97AA-43C51F5D8B5F}
	EndGlobalSection
EndGlobal
